// !$*UTF8*$!
{
	archiveVersion = 1;
	classes = {
	};
	objectVersion = 50;
	objects = {

/* Begin PBXBuildFile section */
		629A242120A8286C00448497 /* pokemon.csv in Resources */ = {isa = PBXBuildFile; fileRef = 629A242020A8286C00448497 /* pokemon.csv */; };
		629A242420A82B2300448497 /*  Pokemon.swift in Sources */ = {isa = PBXBuildFile; fileRef = 629A242320A82B2300448497 /*  Pokemon.swift */; };
		629A242620A8365A00448497 /* UZKEjzG.png in Resources */ = {isa = PBXBuildFile; fileRef = 629A242520A8365900448497 /* UZKEjzG.png */; };
		629A242920A849DC00448497 /* PokeCell.swift in Sources */ = {isa = PBXBuildFile; fileRef = 629A242820A849DC00448497 /* PokeCell.swift */; };
		629A243820A8667000448497 /* CHCSVParser-master in Frameworks */ = {isa = PBXBuildFile; fileRef = 629A243720A8667000448497 /* CHCSVParser-master */; };
		629A243A20A8668B00448497 /* SwiftCSVReader-master in Frameworks */ = {isa = PBXBuildFile; fileRef = 629A243920A8668B00448497 /* SwiftCSVReader-master */; };
		629A243E20A8680800448497 /* CSVReader in Resources */ = {isa = PBXBuildFile; fileRef = 629A243D20A8680800448497 /* CSVReader */; };
		62D397AA20A5B3B900DAA8B0 /* AppDelegate.swift in Sources */ = {isa = PBXBuildFile; fileRef = 62D397A920A5B3B900DAA8B0 /* AppDelegate.swift */; };
		62D397AC20A5B3B900DAA8B0 /* ViewController.swift in Sources */ = {isa = PBXBuildFile; fileRef = 62D397AB20A5B3B900DAA8B0 /* ViewController.swift */; };
		62D397AF20A5B3B900DAA8B0 /* Main.storyboard in Resources */ = {isa = PBXBuildFile; fileRef = 62D397AD20A5B3B900DAA8B0 /* Main.storyboard */; };
		62D397B120A5B3BA00DAA8B0 /* Assets.xcassets in Resources */ = {isa = PBXBuildFile; fileRef = 62D397B020A5B3BA00DAA8B0 /* Assets.xcassets */; };
		62D397B420A5B3BA00DAA8B0 /* LaunchScreen.storyboard in Resources */ = {isa = PBXBuildFile; fileRef = 62D397B220A5B3BA00DAA8B0 /* LaunchScreen.storyboard */; };
/* End PBXBuildFile section */

/* Begin PBXFileReference section */
		629A242020A8286C00448497 /* pokemon.csv */ = {isa = PBXFileReference; fileEncoding = 4; lastKnownFileType = text; path = pokemon.csv; sourceTree = "<group>"; };
		629A242320A82B2300448497 /*  Pokemon.swift */ = {isa = PBXFileReference; lastKnownFileType = sourcecode.swift; path = " Pokemon.swift"; sourceTree = "<group>"; };
		629A242520A8365900448497 /* UZKEjzG.png */ = {isa = PBXFileReference; lastKnownFileType = image.png; path = UZKEjzG.png; sourceTree = "<group>"; };
		629A242820A849DC00448497 /* PokeCell.swift */ = {isa = PBXFileReference; lastKnownFileType = sourcecode.swift; path = PokeCell.swift; sourceTree = "<group>"; };
		629A242C20A85CF100448497 /* Pokedex-Bridging-Header.h */ = {isa = PBXFileReference; lastKnownFileType = sourcecode.c.h; path = "Pokedex-Bridging-Header.h"; sourceTree = "<group>"; };
		629A243720A8667000448497 /* CHCSVParser-master */ = {isa = PBXFileReference; lastKnownFileType = folder; name = "CHCSVParser-master"; path = "../../Downloads/CHCSVParser-master"; sourceTree = "<group>"; };
		629A243920A8668B00448497 /* SwiftCSVReader-master */ = {isa = PBXFileReference; lastKnownFileType = folder; name = "SwiftCSVReader-master"; path = "../../Downloads/SwiftCSVReader-master"; sourceTree = "<group>"; };
		629A243D20A8680800448497 /* CSVReader */ = {isa = PBXFileReference; lastKnownFileType = folder; path = CSVReader; sourceTree = "<group>"; };
		62D397A620A5B3B900DAA8B0 /* Pokedex.app */ = {isa = PBXFileReference; explicitFileType = wrapper.application; includeInIndex = 0; path = Pokedex.app; sourceTree = BUILT_PRODUCTS_DIR; };
		62D397A920A5B3B900DAA8B0 /* AppDelegate.swift */ = {isa = PBXFileReference; lastKnownFileType = sourcecode.swift; path = AppDelegate.swift; sourceTree = "<group>"; };
		62D397AB20A5B3B900DAA8B0 /* ViewController.swift */ = {isa = PBXFileReference; lastKnownFileType = sourcecode.swift; path = ViewController.swift; sourceTree = "<group>"; };
		62D397AE20A5B3B900DAA8B0 /* Base */ = {isa = PBXFileReference; lastKnownFileType = file.storyboard; name = Base; path = Base.lproj/Main.storyboard; sourceTree = "<group>"; };
		62D397B020A5B3BA00DAA8B0 /* Assets.xcassets */ = {isa = PBXFileReference; lastKnownFileType = folder.assetcatalog; path = Assets.xcassets; sourceTree = "<group>"; };
		62D397B320A5B3BA00DAA8B0 /* Base */ = {isa = PBXFileReference; lastKnownFileType = file.storyboard; name = Base; path = Base.lproj/LaunchScreen.storyboard; sourceTree = "<group>"; };
		62D397B520A5B3BA00DAA8B0 /* Info.plist */ = {isa = PBXFileReference; lastKnownFileType = text.plist.xml; path = Info.plist; sourceTree = "<group>"; };
/* End PBXFileReference section */

/* Begin PBXFrameworksBuildPhase section */
		62D397A320A5B3B900DAA8B0 /* Frameworks */ = {
			isa = PBXFrameworksBuildPhase;
			buildActionMask = 2147483647;
			files = (
				629A243A20A8668B00448497 /* SwiftCSVReader-master in Frameworks */,
				629A243820A8667000448497 /* CHCSVParser-master in Frameworks */,
			);
			runOnlyForDeploymentPostprocessing = 0;
		};
/* End PBXFrameworksBuildPhase section */

/* Begin PBXGroup section */
		629A242220A82AFD00448497 /* Mould */ = {
			isa = PBXGroup;
			children = (
				629A242320A82B2300448497 /*  Pokemon.swift */,
			);
			path = Mould;
			sourceTree = "<group>";
		};
		629A242720A8499100448497 /* View */ = {
			isa = PBXGroup;
			children = (
				629A242820A849DC00448497 /* PokeCell.swift */,
			);
			path = View;
			sourceTree = "<group>";
		};
		629A243620A8666F00448497 /* Frameworks */ = {
			isa = PBXGroup;
			children = (
				629A243920A8668B00448497 /* SwiftCSVReader-master */,
				629A243720A8667000448497 /* CHCSVParser-master */,
			);
			name = Frameworks;
			sourceTree = "<group>";
		};
		62D3979D20A5B3B900DAA8B0 = {
			isa = PBXGroup;
			children = (
				62D397A820A5B3B900DAA8B0 /* Pokedex */,
				62D397A720A5B3B900DAA8B0 /* Products */,
				629A243620A8666F00448497 /* Frameworks */,
			);
			sourceTree = "<group>";
		};
		62D397A720A5B3B900DAA8B0 /* Products */ = {
			isa = PBXGroup;
			children = (
				62D397A620A5B3B900DAA8B0 /* Pokedex.app */,
			);
			name = Products;
			sourceTree = "<group>";
		};
		62D397A820A5B3B900DAA8B0 /* Pokedex */ = {
			isa = PBXGroup;
			children = (
				629A242720A8499100448497 /* View */,
				629A242220A82AFD00448497 /* Mould */,
				62D397A920A5B3B900DAA8B0 /* AppDelegate.swift */,
				629A243D20A8680800448497 /* CSVReader */,
				62D397AB20A5B3B900DAA8B0 /* ViewController.swift */,
				62D397AD20A5B3B900DAA8B0 /* Main.storyboard */,
				629A242520A8365900448497 /* UZKEjzG.png */,
				62D397B020A5B3BA00DAA8B0 /* Assets.xcassets */,
				629A242020A8286C00448497 /* pokemon.csv */,
				62D397B220A5B3BA00DAA8B0 /* LaunchScreen.storyboard */,
				62D397B520A5B3BA00DAA8B0 /* Info.plist */,
				629A242C20A85CF100448497 /* Pokedex-Bridging-Header.h */,
			);
			path = Pokedex;
			sourceTree = "<group>";
		};
/* End PBXGroup section */

/* Begin PBXNativeTarget section */
		62D397A520A5B3B900DAA8B0 /* Pokedex */ = {
			isa = PBXNativeTarget;
			buildConfigurationList = 62D397B820A5B3BA00DAA8B0 /* Build configuration list for PBXNativeTarget "Pokedex" */;
			buildPhases = (
				62D397A220A5B3B900DAA8B0 /* Sources */,
				62D397A320A5B3B900DAA8B0 /* Frameworks */,
				62D397A420A5B3B900DAA8B0 /* Resources */,
			);
			buildRules = (
			);
			dependencies = (
			);
			name = Pokedex;
			productName = Pokedex;
			productReference = 62D397A620A5B3B900DAA8B0 /* Pokedex.app */;
			productType = "com.apple.product-type.application";
		};
/* End PBXNativeTarget section */

/* Begin PBXProject section */
		62D3979E20A5B3B900DAA8B0 /* Project object */ = {
			isa = PBXProject;
			attributes = {
				LastSwiftUpdateCheck = 0930;
				LastUpgradeCheck = 0930;
				ORGANIZATIONNAME = Shamil;
				TargetAttributes = {
					62D397A520A5B3B900DAA8B0 = {
						CreatedOnToolsVersion = 9.3;
						LastSwiftMigration = 0930;
					};
				};
			};
			buildConfigurationList = 62D397A120A5B3B900DAA8B0 /* Build configuration list for PBXProject "Pokedex" */;
			compatibilityVersion = "Xcode 9.3";
			developmentRegion = en;
			hasScannedForEncodings = 0;
			knownRegions = (
				en,
				Base,
			);
			mainGroup = 62D3979D20A5B3B900DAA8B0;
			productRefGroup = 62D397A720A5B3B900DAA8B0 /* Products */;
			projectDirPath = "";
			projectRoot = "";
			targets = (
				62D397A520A5B3B900DAA8B0 /* Pokedex */,
			);
		};
/* End PBXProject section */

/* Begin PBXResourcesBuildPhase section */
		62D397A420A5B3B900DAA8B0 /* Resources */ = {
			isa = PBXResourcesBuildPhase;
			buildActionMask = 2147483647;
			files = (
				629A242620A8365A00448497 /* UZKEjzG.png in Resources */,
				62D397B420A5B3BA00DAA8B0 /* LaunchScreen.storyboard in Resources */,
				629A243E20A8680800448497 /* CSVReader in Resources */,
				62D397B120A5B3BA00DAA8B0 /* Assets.xcassets in Resources */,
				629A242120A8286C00448497 /* pokemon.csv in Resources */,
				62D397AF20A5B3B900DAA8B0 /* Main.storyboard in Resources */,
			);
			runOnlyForDeploymentPostprocessing = 0;
		};
/* End PBXResourcesBuildPhase section */

/* Begin PBXSourcesBuildPhase section */
		62D397A220A5B3B900DAA8B0 /* Sources */ = {
			isa = PBXSourcesBuildPhase;
			buildActionMask = 2147483647;
			files = (
				629A242920A849DC00448497 /* PokeCell.swift in Sources */,
				62D397AC20A5B3B900DAA8B0 /* ViewController.swift in Sources */,
				62D397AA20A5B3B900DAA8B0 /* AppDelegate.swift in Sources */,
				629A242420A82B2300448497 /*  Pokemon.swift in Sources */,
			);
			runOnlyForDeploymentPostprocessing = 0;
		};
/* End PBXSourcesBuildPhase section */

/* Begin PBXVariantGroup section */
		62D397AD20A5B3B900DAA8B0 /* Main.storyboard */ = {
			isa = PBXVariantGroup;
			children = (
				62D397AE20A5B3B900DAA8B0 /* Base */,
			);
			name = Main.storyboard;
			sourceTree = "<group>";
		};
		62D397B220A5B3BA00DAA8B0 /* LaunchScreen.storyboard */ = {
			isa = PBXVariantGroup;
			children = (
				62D397B320A5B3BA00DAA8B0 /* Base */,
			);
			name = LaunchScreen.storyboard;
			sourceTree = "<group>";
		};
/* End PBXVariantGroup section */

/* Begin XCBuildConfiguration section */
		62D397B620A5B3BA00DAA8B0 /* Debug */ = {
			isa = XCBuildConfiguration;
			buildSettings = {
				ALWAYS_SEARCH_USER_PATHS = NO;
				CLANG_ANALYZER_NONNULL = YES;
				CLANG_ANALYZER_NUMBER_OBJECT_CONVERSION = YES_AGGRESSIVE;
				CLANG_CXX_LANGUAGE_STANDARD = "gnu++14";
				CLANG_CXX_LIBRARY = "libc++";
				CLANG_ENABLE_MODULES = YES;
				CLANG_ENABLE_OBJC_ARC = YES;
				CLANG_ENABLE_OBJC_WEAK = YES;
				CLANG_WARN_BLOCK_CAPTURE_AUTORELEASING = YES;
				CLANG_WARN_BOOL_CONVERSION = YES;
				CLANG_WARN_COMMA = YES;
				CLANG_WARN_CONSTANT_CONVERSION = YES;
				CLANG_WARN_DEPRECATED_OBJC_IMPLEMENTATIONS = YES;
				CLANG_WARN_DIRECT_OBJC_ISA_USAGE = YES_ERROR;
				CLANG_WARN_DOCUMENTATION_COMMENTS = YES;
				CLANG_WARN_EMPTY_BODY = YES;
				CLANG_WARN_ENUM_CONVERSION = YES;
				CLANG_WARN_INFINITE_RECURSION = YES;
				CLANG_WARN_INT_CONVERSION = YES;
				CLANG_WARN_NON_LITERAL_NULL_CONVERSION = YES;
				CLANG_WARN_OBJC_IMPLICIT_RETAIN_SELF = YES;
				CLANG_WARN_OBJC_LITERAL_CONVERSION = YES;
				CLANG_WARN_OBJC_ROOT_CLASS = YES_ERROR;
				CLANG_WARN_RANGE_LOOP_ANALYSIS = YES;
				CLANG_WARN_STRICT_PROTOTYPES = YES;
				CLANG_WARN_SUSPICIOUS_MOVE = YES;
				CLANG_WARN_UNGUARDED_AVAILABILITY = YES_AGGRESSIVE;
				CLANG_WARN_UNREACHABLE_CODE = YES;
				CLANG_WARN__DUPLICATE_METHOD_MATCH = YES;
				CODE_SIGN_IDENTITY = "iPhone Developer";
				COPY_PHASE_STRIP = NO;
				DEBUG_INFORMATION_FORMAT = dwarf;
				ENABLE_STRICT_OBJC_MSGSEND = YES;
				ENABLE_TESTABILITY = YES;
				GCC_C_LANGUAGE_STANDARD = gnu11;
				GCC_DYNAMIC_NO_PIC = NO;
				GCC_NO_COMMON_BLOCKS = YES;
				GCC_OPTIMIZATION_LEVEL = 0;
				GCC_PREPROCESSOR_DEFINITIONS = (
					"DEBUG=1",
					"$(inherited)",
				);
				GCC_WARN_64_TO_32_BIT_CONVERSION = YES;
				GCC_WARN_ABOUT_RETURN_TYPE = YES_ERROR;
				GCC_WARN_UNDECLARED_SELECTOR = YES;
				GCC_WARN_UNINITIALIZED_AUTOS = YES_AGGRESSIVE;
				GCC_WARN_UNUSED_FUNCTION = YES;
				GCC_WARN_UNUSED_VARIABLE = YES;
				IPHONEOS_DEPLOYMENT_TARGET = 11.3;
				MTL_ENABLE_DEBUG_INFO = YES;
				ONLY_ACTIVE_ARCH = YES;
				SDKROOT = iphoneos;
				SWIFT_ACTIVE_COMPILATION_CONDITIONS = DEBUG;
				SWIFT_OPTIMIZATION_LEVEL = "-Onone";
			};
			name = Debug;
		};
		62D397B720A5B3BA00DAA8B0 /* Release */ = {
			isa = XCBuildConfiguration;
			buildSettings = {
				ALWAYS_SEARCH_USER_PATHS = NO;
				CLANG_ANALYZER_NONNULL = YES;
				CLANG_ANALYZER_NUMBER_OBJECT_CONVERSION = YES_AGGRESSIVE;
				CLANG_CXX_LANGUAGE_STANDARD = "gnu++14";
				CLANG_CXX_LIBRARY = "libc++";
				CLANG_ENABLE_MODULES = YES;
				CLANG_ENABLE_OBJC_ARC = YES;
				CLANG_ENABLE_OBJC_WEAK = YES;
				CLANG_WARN_BLOCK_CAPTURE_AUTORELEASING = YES;
				CLANG_WARN_BOOL_CONVERSION = YES;
				CLANG_WARN_COMMA = YES;
				CLANG_WARN_CONSTANT_CONVERSION = YES;
				CLANG_WARN_DEPRECATED_OBJC_IMPLEMENTATIONS = YES;
				CLANG_WARN_DIRECT_OBJC_ISA_USAGE = YES_ERROR;
				CLANG_WARN_DOCUMENTATION_COMMENTS = YES;
				CLANG_WARN_EMPTY_BODY = YES;
				CLANG_WARN_ENUM_CONVERSION = YES;
				CLANG_WARN_INFINITE_RECURSION = YES;
				CLANG_WARN_INT_CONVERSION = YES;
				CLANG_WARN_NON_LITERAL_NULL_CONVERSION = YES;
				CLANG_WARN_OBJC_IMPLICIT_RETAIN_SELF = YES;
				CLANG_WARN_OBJC_LITERAL_CONVERSION = YES;
				CLANG_WARN_OBJC_ROOT_CLASS = YES_ERROR;
				CLANG_WARN_RANGE_LOOP_ANALYSIS = YES;
				CLANG_WARN_STRICT_PROTOTYPES = YES;
				CLANG_WARN_SUSPICIOUS_MOVE = YES;
				CLANG_WARN_UNGUARDED_AVAILABILITY = YES_AGGRESSIVE;
				CLANG_WARN_UNREACHABLE_CODE = YES;
				CLANG_WARN__DUPLICATE_METHOD_MATCH = YES;
				CODE_SIGN_IDENTITY = "iPhone Developer";
				COPY_PHASE_STRIP = NO;
				DEBUG_INFORMATION_FORMAT = "dwarf-with-dsym";
				ENABLE_NS_ASSERTIONS = NO;
				ENABLE_STRICT_OBJC_MSGSEND = YES;
				GCC_C_LANGUAGE_STANDARD = gnu11;
				GCC_NO_COMMON_BLOCKS = YES;
				GCC_WARN_64_TO_32_BIT_CONVERSION = YES;
				GCC_WARN_ABOUT_RETURN_TYPE = YES_ERROR;
				GCC_WARN_UNDECLARED_SELECTOR = YES;
				GCC_WARN_UNINITIALIZED_AUTOS = YES_AGGRESSIVE;
				GCC_WARN_UNUSED_FUNCTION = YES;
				GCC_WARN_UNUSED_VARIABLE = YES;
				IPHONEOS_DEPLOYMENT_TARGET = 11.3;
				MTL_ENABLE_DEBUG_INFO = NO;
				SDKROOT = iphoneos;
				SWIFT_COMPILATION_MODE = wholemodule;
				SWIFT_OPTIMIZATION_LEVEL = "-O";
				VALIDATE_PRODUCT = YES;
			};
			name = Release;
		};
		62D397B920A5B3BA00DAA8B0 /* Debug */ = {
			isa = XCBuildConfiguration;
			buildSettings = {
				ASSETCATALOG_COMPILER_APPICON_NAME = AppIcon;
				CLANG_ENABLE_MODULES = YES;
				CODE_SIGN_STYLE = Automatic;
				INFOPLIST_FILE = Pokedex/Info.plist;
				LD_RUNPATH_SEARCH_PATHS = (
					"$(inherited)",
					"@executable_path/Frameworks",
				);
				PRODUCT_BUNDLE_IDENTIFIER = Personal.Pokedex;
				PRODUCT_NAME = "$(TARGET_NAME)";
				SWIFT_OBJC_BRIDGING_HEADER = "Pokedex/Pokedex-Bridging-Header.h";
				SWIFT_OPTIMIZATION_LEVEL = "-Onone";
				SWIFT_VERSION = 4.0;
				TARGETED_DEVICE_FAMILY = "1,2";
			};
			name = Debug;
		};
		62D397BA20A5B3BA00DAA8B0 /* Release */ = {
			isa = XCBuildConfiguration;
			buildSettings = {
				ASSETCATALOG_COMPILER_APPICON_NAME = AppIcon;
				CLANG_ENABLE_MODULES = YES;
				CODE_SIGN_STYLE = Automatic;
				INFOPLIST_FILE = Pokedex/Info.plist;
				LD_RUNPATH_SEARCH_PATHS = (
					"$(inherited)",
					"@executable_path/Frameworks",
				);
				PRODUCT_BUNDLE_IDENTIFIER = Personal.Pokedex;
				PRODUCT_NAME = "$(TARGET_NAME)";
				SWIFT_OBJC_BRIDGING_HEADER = "Pokedex/Pokedex-Bridging-Header.h";
				SWIFT_VERSION = 4.0;
				TARGETED_DEVICE_FAMILY = "1,2";
			};
			name = Release;
		};
/* End XCBuildConfiguration section */

/* Begin XCConfigurationList section */
		62D397A120A5B3B900DAA8B0 /* Build configuration list for PBXProject "Pokedex" */ = {
			isa = XCConfigurationList;
			buildConfigurations = (
				62D397B620A5B3BA00DAA8B0 /* Debug */,
				62D397B720A5B3BA00DAA8B0 /* Release */,
			);
			defaultConfigurationIsVisible = 0;
			defaultConfigurationName = Release;
		};
		62D397B820A5B3BA00DAA8B0 /* Build configuration list for PBXNativeTarget "Pokedex" */ = {
			isa = XCConfigurationList;
			buildConfigurations = (
				62D397B920A5B3BA00DAA8B0 /* Debug */,
				62D397BA20A5B3BA00DAA8B0 /* Release */,
			);
			defaultConfigurationIsVisible = 0;
			defaultConfigurationName = Release;
		};
/* End XCConfigurationList section */
	};
	rootObject = 62D3979E20A5B3B900DAA8B0 /* Project object */;
}
